
Microsoft Visual Studio Solution File, Format Version 12.00
# Visual Studio 2013
VisualStudioVersion = 12.0.40629.0
MinimumVisualStudioVersion = 10.0.40219.1
Project("{FAE04EC0-301F-11D3-BF4B-00C04F79EFBC}") = "Calculadora", "Calculadora\Calculadora\Calculadora.csproj", "{B666C256-B724-408A-BE4B-EC2C62727E31}"
EndProject
Project("{FAE04EC0-301F-11D3-BF4B-00C04F79EFBC}") = "Calculadora.iOS", "Calculadora\Calculadora.iOS\Calculadora.iOS.csproj", "{FA4F4706-3042-42DD-A154-69BA5432B048}"
EndProject
Project("{FAE04EC0-301F-11D3-BF4B-00C04F79EFBC}") = "Calculadora.Droid", "Calculadora\Calculadora.Droid\Calculadora.Droid.csproj", "{375C858A-74BC-41D9-83EA-52E945E8E69F}"
EndProject
Project("{FAE04EC0-301F-11D3-BF4B-00C04F79EFBC}") = "Calculadora.WinPhone", "Calculadora\Calculadora.WinPhone\Calculadora.WinPhone.csproj", "{900FD38D-0FFB-4550-BA4D-93A37E11EEA6}"
EndProject
Global
	GlobalSection(SolutionConfigurationPlatforms) = preSolution
		Ad-Hoc|Any CPU = Ad-Hoc|Any CPU
		Ad-Hoc|ARM = Ad-Hoc|ARM
		Ad-Hoc|iPhone = Ad-Hoc|iPhone
		Ad-Hoc|iPhoneSimulator = Ad-Hoc|iPhoneSimulator
		Ad-Hoc|Mixed Platforms = Ad-Hoc|Mixed Platforms
		Ad-Hoc|x86 = Ad-Hoc|x86
		AppStore|Any CPU = AppStore|Any CPU
		AppStore|ARM = AppStore|ARM
		AppStore|iPhone = AppStore|iPhone
		AppStore|iPhoneSimulator = AppStore|iPhoneSimulator
		AppStore|Mixed Platforms = AppStore|Mixed Platforms
		AppStore|x86 = AppStore|x86
		Debug|Any CPU = Debug|Any CPU
		Debug|ARM = Debug|ARM
		Debug|iPhone = Debug|iPhone
		Debug|iPhoneSimulator = Debug|iPhoneSimulator
		Debug|Mixed Platforms = Debug|Mixed Platforms
		Debug|x86 = Debug|x86
		Release|Any CPU = Release|Any CPU
		Release|ARM = Release|ARM
		Release|iPhone = Release|iPhone
		Release|iPhoneSimulator = Release|iPhoneSimulator
		Release|Mixed Platforms = Release|Mixed Platforms
		Release|x86 = Release|x86
	EndGlobalSection
	GlobalSection(ProjectConfigurationPlatforms) = postSolution
		{B666C256-B724-408A-BE4B-EC2C62727E31}.Ad-Hoc|Any CPU.ActiveCfg = Release|Any CPU
		{B666C256-B724-408A-BE4B-EC2C62727E31}.Ad-Hoc|Any CPU.Build.0 = Release|Any CPU
		{B666C256-B724-408A-BE4B-EC2C62727E31}.Ad-Hoc|ARM.ActiveCfg = Release|Any CPU
		{B666C256-B724-408A-BE4B-EC2C62727E31}.Ad-Hoc|iPhone.ActiveCfg = Release|Any CPU
		{B666C256-B724-408A-BE4B-EC2C62727E31}.Ad-Hoc|iPhoneSimulator.ActiveCfg = Release|Any CPU
		{B666C256-B724-408A-BE4B-EC2C62727E31}.Ad-Hoc|Mixed Platforms.ActiveCfg = Release|Any CPU
		{B666C256-B724-408A-BE4B-EC2C62727E31}.Ad-Hoc|Mixed Platforms.Build.0 = Release|Any CPU
		{B666C256-B724-408A-BE4B-EC2C62727E31}.Ad-Hoc|x86.ActiveCfg = Release|Any CPU
		{B666C256-B724-408A-BE4B-EC2C62727E31}.AppStore|Any CPU.ActiveCfg = Release|Any CPU
		{B666C256-B724-408A-BE4B-EC2C62727E31}.AppStore|Any CPU.Build.0 = Release|Any CPU
		{B666C256-B724-408A-BE4B-EC2C62727E31}.AppStore|ARM.ActiveCfg = Release|Any CPU
		{B666C256-B724-408A-BE4B-EC2C62727E31}.AppStore|iPhone.ActiveCfg = Release|Any CPU
		{B666C256-B724-408A-BE4B-EC2C62727E31}.AppStore|iPhoneSimulator.ActiveCfg = Release|Any CPU
		{B666C256-B724-408A-BE4B-EC2C62727E31}.AppStore|Mixed Platforms.ActiveCfg = Release|Any CPU
		{B666C256-B724-408A-BE4B-EC2C62727E31}.AppStore|Mixed Platforms.Build.0 = Release|Any CPU
		{B666C256-B724-408A-BE4B-EC2C62727E31}.AppStore|x86.ActiveCfg = Release|Any CPU
		{B666C256-B724-408A-BE4B-EC2C62727E31}.Debug|Any CPU.ActiveCfg = Debug|Any CPU
		{B666C256-B724-408A-BE4B-EC2C62727E31}.Debug|Any CPU.Build.0 = Debug|Any CPU
		{B666C256-B724-408A-BE4B-EC2C62727E31}.Debug|ARM.ActiveCfg = Debug|Any CPU
		{B666C256-B724-408A-BE4B-EC2C62727E31}.Debug|iPhone.ActiveCfg = Debug|Any CPU
		{B666C256-B724-408A-BE4B-EC2C62727E31}.Debug|iPhoneSimulator.ActiveCfg = Debug|Any CPU
		{B666C256-B724-408A-BE4B-EC2C62727E31}.Debug|iPhoneSimulator.Build.0 = Debug|Any CPU
		{B666C256-B724-408A-BE4B-EC2C62727E31}.Debug|Mixed Platforms.ActiveCfg = Debug|Any CPU
		{B666C256-B724-408A-BE4B-EC2C62727E31}.Debug|Mixed Platforms.Build.0 = Debug|Any CPU
		{B666C256-B724-408A-BE4B-EC2C62727E31}.Debug|x86.ActiveCfg = Debug|Any CPU
		{B666C256-B724-408A-BE4B-EC2C62727E31}.Release|Any CPU.ActiveCfg = Release|Any CPU
		{B666C256-B724-408A-BE4B-EC2C62727E31}.Release|Any CPU.Build.0 = Release|Any CPU
		{B666C256-B724-408A-BE4B-EC2C62727E31}.Release|ARM.ActiveCfg = Release|Any CPU
		{B666C256-B724-408A-BE4B-EC2C62727E31}.Release|iPhone.ActiveCfg = Release|Any CPU
		{B666C256-B724-408A-BE4B-EC2C62727E31}.Release|iPhoneSimulator.ActiveCfg = Release|Any CPU
		{B666C256-B724-408A-BE4B-EC2C62727E31}.Release|Mixed Platforms.ActiveCfg = Release|Any CPU
		{B666C256-B724-408A-BE4B-EC2C62727E31}.Release|Mixed Platforms.Build.0 = Release|Any CPU
		{B666C256-B724-408A-BE4B-EC2C62727E31}.Release|x86.ActiveCfg = Release|Any CPU
		{FA4F4706-3042-42DD-A154-69BA5432B048}.Ad-Hoc|Any CPU.ActiveCfg = Ad-Hoc|iPhone
		{FA4F4706-3042-42DD-A154-69BA5432B048}.Ad-Hoc|ARM.ActiveCfg = Ad-Hoc|iPhone
		{FA4F4706-3042-42DD-A154-69BA5432B048}.Ad-Hoc|iPhone.ActiveCfg = Ad-Hoc|iPhone
		{FA4F4706-3042-42DD-A154-69BA5432B048}.Ad-Hoc|iPhone.Build.0 = Ad-Hoc|iPhone
		{FA4F4706-3042-42DD-A154-69BA5432B048}.Ad-Hoc|iPhoneSimulator.ActiveCfg = Ad-Hoc|iPhoneSimulator
		{FA4F4706-3042-42DD-A154-69BA5432B048}.Ad-Hoc|iPhoneSimulator.Build.0 = Ad-Hoc|iPhoneSimulator
		{FA4F4706-3042-42DD-A154-69BA5432B048}.Ad-Hoc|Mixed Platforms.ActiveCfg = Ad-Hoc|iPhone
		{FA4F4706-3042-42DD-A154-69BA5432B048}.Ad-Hoc|Mixed Platforms.Build.0 = Ad-Hoc|iPhone
		{FA4F4706-3042-42DD-A154-69BA5432B048}.Ad-Hoc|x86.ActiveCfg = Ad-Hoc|iPhone
		{FA4F4706-3042-42DD-A154-69BA5432B048}.AppStore|Any CPU.ActiveCfg = AppStore|iPhone
		{FA4F4706-3042-42DD-A154-69BA5432B048}.AppStore|ARM.ActiveCfg = AppStore|iPhone
		{FA4F4706-3042-42DD-A154-69BA5432B048}.AppStore|iPhone.ActiveCfg = AppStore|iPhone
		{FA4F4706-3042-42DD-A154-69BA5432B048}.AppStore|iPhone.Build.0 = AppStore|iPhone
		{FA4F4706-3042-42DD-A154-69BA5432B048}.AppStore|iPhoneSimulator.ActiveCfg = AppStore|iPhoneSimulator
		{FA4F4706-3042-42DD-A154-69BA5432B048}.AppStore|iPhoneSimulator.Build.0 = AppStore|iPhoneSimulator
		{FA4F4706-3042-42DD-A154-69BA5432B048}.AppStore|Mixed Platforms.ActiveCfg = AppStore|iPhone
		{FA4F4706-3042-42DD-A154-69BA5432B048}.AppStore|Mixed Platforms.Build.0 = AppStore|iPhone
		{FA4F4706-3042-42DD-A154-69BA5432B048}.AppStore|x86.ActiveCfg = AppStore|iPhone
		{FA4F4706-3042-42DD-A154-69BA5432B048}.Debug|Any CPU.ActiveCfg = Debug|iPhone
		{FA4F4706-3042-42DD-A154-69BA5432B048}.Debug|ARM.ActiveCfg = Debug|iPhone
		{FA4F4706-3042-42DD-A154-69BA5432B048}.Debug|iPhone.ActiveCfg = Debug|iPhone
		{FA4F4706-3042-42DD-A154-69BA5432B048}.Debug|iPhone.Build.0 = Debug|iPhone
		{FA4F4706-3042-42DD-A154-69BA5432B048}.Debug|iPhoneSimulator.ActiveCfg = Debug|iPhoneSimulator
		{FA4F4706-3042-42DD-A154-69BA5432B048}.Debug|iPhoneSimulator.Build.0 = Debug|iPhoneSimulator
		{FA4F4706-3042-42DD-A154-69BA5432B048}.Debug|Mixed Platforms.ActiveCfg = Debug|iPhone
		{FA4F4706-3042-42DD-A154-69BA5432B048}.Debug|Mixed Platforms.Build.0 = Debug|iPhone
		{FA4F4706-3042-42DD-A154-69BA5432B048}.Debug|x86.ActiveCfg = Debug|iPhone
		{FA4F4706-3042-42DD-A154-69BA5432B048}.Release|Any CPU.ActiveCfg = Release|iPhone
		{FA4F4706-3042-42DD-A154-69BA5432B048}.Release|ARM.ActiveCfg = Release|iPhone
		{FA4F4706-3042-42DD-A154-69BA5432B048}.Release|iPhone.ActiveCfg = Release|iPhone
		{FA4F4706-3042-42DD-A154-69BA5432B048}.Release|iPhone.Build.0 = Release|iPhone
		{FA4F4706-3042-42DD-A154-69BA5432B048}.Release|iPhoneSimulator.ActiveCfg = Release|iPhoneSimulator
		{FA4F4706-3042-42DD-A154-69BA5432B048}.Release|iPhoneSimulator.Build.0 = Release|iPhoneSimulator
		{FA4F4706-3042-42DD-A154-69BA5432B048}.Release|Mixed Platforms.ActiveCfg = Release|iPhone
		{FA4F4706-3042-42DD-A154-69BA5432B048}.Release|Mixed Platforms.Build.0 = Release|iPhone
		{FA4F4706-3042-42DD-A154-69BA5432B048}.Release|x86.ActiveCfg = Release|iPhone
		{375C858A-74BC-41D9-83EA-52E945E8E69F}.Ad-Hoc|Any CPU.ActiveCfg = Release|Any CPU
		{375C858A-74BC-41D9-83EA-52E945E8E69F}.Ad-Hoc|Any CPU.Build.0 = Release|Any CPU
		{375C858A-74BC-41D9-83EA-52E945E8E69F}.Ad-Hoc|Any CPU.Deploy.0 = Release|Any CPU
		{375C858A-74BC-41D9-83EA-52E945E8E69F}.Ad-Hoc|ARM.ActiveCfg = Release|Any CPU
		{375C858A-74BC-41D9-83EA-52E945E8E69F}.Ad-Hoc|iPhone.ActiveCfg = Release|Any CPU
		{375C858A-74BC-41D9-83EA-52E945E8E69F}.Ad-Hoc|iPhoneSimulator.ActiveCfg = Release|Any CPU
		{375C858A-74BC-41D9-83EA-52E945E8E69F}.Ad-Hoc|Mixed Platforms.ActiveCfg = Release|Any CPU
		{375C858A-74BC-41D9-83EA-52E945E8E69F}.Ad-Hoc|Mixed Platforms.Build.0 = Release|Any CPU
		{375C858A-74BC-41D9-83EA-52E945E8E69F}.Ad-Hoc|Mixed Platforms.Deploy.0 = Release|Any CPU
		{375C858A-74BC-41D9-83EA-52E945E8E69F}.Ad-Hoc|x86.ActiveCfg = Release|Any CPU
		{375C858A-74BC-41D9-83EA-52E945E8E69F}.AppStore|Any CPU.ActiveCfg = Release|Any CPU
		{375C858A-74BC-41D9-83EA-52E945E8E69F}.AppStore|Any CPU.Build.0 = Release|Any CPU
		{375C858A-74BC-41D9-83EA-52E945E8E69F}.AppStore|Any CPU.Deploy.0 = Release|Any CPU
		{375C858A-74BC-41D9-83EA-52E945E8E69F}.AppStore|ARM.ActiveCfg = Release|Any CPU
		{375C858A-74BC-41D9-83EA-52E945E8E69F}.AppStore|iPhone.ActiveCfg = Release|Any CPU
		{375C858A-74BC-41D9-83EA-52E945E8E69F}.AppStore|iPhoneSimulator.ActiveCfg = Release|Any CPU
		{375C858A-74BC-41D9-83EA-52E945E8E69F}.AppStore|Mixed Platforms.ActiveCfg = Release|Any CPU
		{375C858A-74BC-41D9-83EA-52E945E8E69F}.AppStore|Mixed Platforms.Build.0 = Release|Any CPU
		{375C858A-74BC-41D9-83EA-52E945E8E69F}.AppStore|Mixed Platforms.Deploy.0 = Release|Any CPU
		{375C858A-74BC-41D9-83EA-52E945E8E69F}.AppStore|x86.ActiveCfg = Release|Any CPU
		{375C858A-74BC-41D9-83EA-52E945E8E69F}.Debug|Any CPU.ActiveCfg = Debug|Any CPU
		{375C858A-74BC-41D9-83EA-52E945E8E69F}.Debug|Any CPU.Build.0 = Debug|Any CPU
		{375C858A-74BC-41D9-83EA-52E945E8E69F}.Debug|Any CPU.Deploy.0 = Debug|Any CPU
		{375C858A-74BC-41D9-83EA-52E945E8E69F}.Debug|ARM.ActiveCfg = Debug|Any CPU
		{375C858A-74BC-41D9-83EA-52E945E8E69F}.Debug|iPhone.ActiveCfg = Debug|Any CPU
		{375C858A-74BC-41D9-83EA-52E945E8E69F}.Debug|iPhoneSimulator.ActiveCfg = Debug|Any CPU
		{375C858A-74BC-41D9-83EA-52E945E8E69F}.Debug|Mixed Platforms.ActiveCfg = Debug|Any CPU
		{375C858A-74BC-41D9-83EA-52E945E8E69F}.Debug|Mixed Platforms.Build.0 = Debug|Any CPU
		{375C858A-74BC-41D9-83EA-52E945E8E69F}.Debug|Mixed Platforms.Deploy.0 = Debug|Any CPU
		{375C858A-74BC-41D9-83EA-52E945E8E69F}.Debug|x86.ActiveCfg = Debug|Any CPU
		{375C858A-74BC-41D9-83EA-52E945E8E69F}.Release|Any CPU.ActiveCfg = Release|Any CPU
		{375C858A-74BC-41D9-83EA-52E945E8E69F}.Release|Any CPU.Build.0 = Release|Any CPU
		{375C858A-74BC-41D9-83EA-52E945E8E69F}.Release|Any CPU.Deploy.0 = Release|Any CPU
		{375C858A-74BC-41D9-83EA-52E945E8E69F}.Release|ARM.ActiveCfg = Release|Any CPU
		{375C858A-74BC-41D9-83EA-52E945E8E69F}.Release|iPhone.ActiveCfg = Release|Any CPU
		{375C858A-74BC-41D9-83EA-52E945E8E69F}.Release|iPhoneSimulator.ActiveCfg = Release|Any CPU
		{375C858A-74BC-41D9-83EA-52E945E8E69F}.Release|Mixed Platforms.ActiveCfg = Release|Any CPU
		{375C858A-74BC-41D9-83EA-52E945E8E69F}.Release|Mixed Platforms.Build.0 = Release|Any CPU
		{375C858A-74BC-41D9-83EA-52E945E8E69F}.Release|Mixed Platforms.Deploy.0 = Release|Any CPU
		{375C858A-74BC-41D9-83EA-52E945E8E69F}.Release|x86.ActiveCfg = Release|Any CPU
		{900FD38D-0FFB-4550-BA4D-93A37E11EEA6}.Ad-Hoc|Any CPU.ActiveCfg = Release|Any CPU
		{900FD38D-0FFB-4550-BA4D-93A37E11EEA6}.Ad-Hoc|Any CPU.Build.0 = Release|Any CPU
		{900FD38D-0FFB-4550-BA4D-93A37E11EEA6}.Ad-Hoc|Any CPU.Deploy.0 = Release|Any CPU
		{900FD38D-0FFB-4550-BA4D-93A37E11EEA6}.Ad-Hoc|ARM.ActiveCfg = Release|ARM
		{900FD38D-0FFB-4550-BA4D-93A37E11EEA6}.Ad-Hoc|ARM.Build.0 = Release|ARM
		{900FD38D-0FFB-4550-BA4D-93A37E11EEA6}.Ad-Hoc|ARM.Deploy.0 = Release|ARM
		{900FD38D-0FFB-4550-BA4D-93A37E11EEA6}.Ad-Hoc|iPhone.ActiveCfg = Release|Any CPU
		{900FD38D-0FFB-4550-BA4D-93A37E11EEA6}.Ad-Hoc|iPhoneSimulator.ActiveCfg = Release|Any CPU
		{900FD38D-0FFB-4550-BA4D-93A37E11EEA6}.Ad-Hoc|Mixed Platforms.ActiveCfg = Release|x86
		{900FD38D-0FFB-4550-BA4D-93A37E11EEA6}.Ad-Hoc|Mixed Platforms.Build.0 = Release|x86
		{900FD38D-0FFB-4550-BA4D-93A37E11EEA6}.Ad-Hoc|Mixed Platforms.Deploy.0 = Release|x86
		{900FD38D-0FFB-4550-BA4D-93A37E11EEA6}.Ad-Hoc|x86.ActiveCfg = Release|x86
		{900FD38D-0FFB-4550-BA4D-93A37E11EEA6}.Ad-Hoc|x86.Build.0 = Release|x86
		{900FD38D-0FFB-4550-BA4D-93A37E11EEA6}.Ad-Hoc|x86.Deploy.0 = Release|x86
		{900FD38D-0FFB-4550-BA4D-93A37E11EEA6}.AppStore|Any CPU.ActiveCfg = Release|Any CPU
		{900FD38D-0FFB-4550-BA4D-93A37E11EEA6}.AppStore|Any CPU.Build.0 = Release|Any CPU
		{900FD38D-0FFB-4550-BA4D-93A37E11EEA6}.AppStore|Any CPU.Deploy.0 = Release|Any CPU
		{900FD38D-0FFB-4550-BA4D-93A37E11EEA6}.AppStore|ARM.ActiveCfg = Release|ARM
		{900FD38D-0FFB-4550-BA4D-93A37E11EEA6}.AppStore|ARM.Build.0 = Release|ARM
		{900FD38D-0FFB-4550-BA4D-93A37E11EEA6}.AppStore|ARM.Deploy.0 = Release|ARM
		{900FD38D-0FFB-4550-BA4D-93A37E11EEA6}.AppStore|iPhone.ActiveCfg = Release|Any CPU
		{900FD38D-0FFB-4550-BA4D-93A37E11EEA6}.AppStore|iPhoneSimulator.ActiveCfg = Release|Any CPU
		{900FD38D-0FFB-4550-BA4D-93A37E11EEA6}.AppStore|Mixed Platforms.ActiveCfg = Release|x86
		{900FD38D-0FFB-4550-BA4D-93A37E11EEA6}.AppStore|Mixed Platforms.Build.0 = Release|x86
		{900FD38D-0FFB-4550-BA4D-93A37E11EEA6}.AppStore|Mixed Platforms.Deploy.0 = Release|x86
		{900FD38D-0FFB-4550-BA4D-93A37E11EEA6}.AppStore|x86.ActiveCfg = Release|x86
		{900FD38D-0FFB-4550-BA4D-93A37E11EEA6}.AppStore|x86.Build.0 = Release|x86
		{900FD38D-0FFB-4550-BA4D-93A37E11EEA6}.AppStore|x86.Deploy.0 = Release|x86
		{900FD38D-0FFB-4550-BA4D-93A37E11EEA6}.Debug|Any CPU.ActiveCfg = Debug|Any CPU
		{900FD38D-0FFB-4550-BA4D-93A37E11EEA6}.Debug|Any CPU.Build.0 = Debug|Any CPU
		{900FD38D-0FFB-4550-BA4D-93A37E11EEA6}.Debug|Any CPU.Deploy.0 = Debug|Any CPU
		{900FD38D-0FFB-4550-BA4D-93A37E11EEA6}.Debug|ARM.ActiveCfg = Debug|ARM
		{900FD38D-0FFB-4550-BA4D-93A37E11EEA6}.Debug|ARM.Build.0 = Debug|ARM
		{900FD38D-0FFB-4550-BA4D-93A37E11EEA6}.Debug|ARM.Deploy.0 = Debug|ARM
		{900FD38D-0FFB-4550-BA4D-93A37E11EEA6}.Debug|iPhone.ActiveCfg = Debug|Any CPU
		{900FD38D-0FFB-4550-BA4D-93A37E11EEA6}.Debug|iPhoneSimulator.ActiveCfg = Debug|Any CPU
		{900FD38D-0FFB-4550-BA4D-93A37E11EEA6}.Debug|Mixed Platforms.ActiveCfg = Debug|x86
		{900FD38D-0FFB-4550-BA4D-93A37E11EEA6}.Debug|Mixed Platforms.Build.0 = Debug|x86
		{900FD38D-0FFB-4550-BA4D-93A37E11EEA6}.Debug|Mixed Platforms.Deploy.0 = Debug|x86
		{900FD38D-0FFB-4550-BA4D-93A37E11EEA6}.Debug|x86.ActiveCfg = Debug|x86
		{900FD38D-0FFB-4550-BA4D-93A37E11EEA6}.Debug|x86.Build.0 = Debug|x86
		{900FD38D-0FFB-4550-BA4D-93A37E11EEA6}.Debug|x86.Deploy.0 = Debug|x86
		{900FD38D-0FFB-4550-BA4D-93A37E11EEA6}.Release|Any CPU.ActiveCfg = Release|Any CPU
		{900FD38D-0FFB-4550-BA4D-93A37E11EEA6}.Release|Any CPU.Build.0 = Release|Any CPU
		{900FD38D-0FFB-4550-BA4D-93A37E11EEA6}.Release|Any CPU.Deploy.0 = Release|Any CPU
		{900FD38D-0FFB-4550-BA4D-93A37E11EEA6}.Release|ARM.ActiveCfg = Release|ARM
		{900FD38D-0FFB-4550-BA4D-93A37E11EEA6}.Release|ARM.Build.0 = Release|ARM
		{900FD38D-0FFB-4550-BA4D-93A37E11EEA6}.Release|ARM.Deploy.0 = Release|ARM
		{900FD38D-0FFB-4550-BA4D-93A37E11EEA6}.Release|iPhone.ActiveCfg = Release|Any CPU
		{900FD38D-0FFB-4550-BA4D-93A37E11EEA6}.Release|iPhoneSimulator.ActiveCfg = Release|Any CPU
		{900FD38D-0FFB-4550-BA4D-93A37E11EEA6}.Release|Mixed Platforms.ActiveCfg = Release|x86
		{900FD38D-0FFB-4550-BA4D-93A37E11EEA6}.Release|Mixed Platforms.Build.0 = Release|x86
		{900FD38D-0FFB-4550-BA4D-93A37E11EEA6}.Release|Mixed Platforms.Deploy.0 = Release|x86
		{900FD38D-0FFB-4550-BA4D-93A37E11EEA6}.Release|x86.ActiveCfg = Release|x86
		{900FD38D-0FFB-4550-BA4D-93A37E11EEA6}.Release|x86.Build.0 = Release|x86
		{900FD38D-0FFB-4550-BA4D-93A37E11EEA6}.Release|x86.Deploy.0 = Release|x86
	EndGlobalSection
	GlobalSection(SolutionProperties) = preSolution
		HideSolutionNode = FALSE
	EndGlobalSection
EndGlobal
